// !$*UTF8*$!
{
	archiveVersion = 1;
	classes = {
	};
	objectVersion = 51;
	objects = {

/* Begin PBXBuildFile section */
		295E924E242193ED0052C890 /* AppDelegate.swift in Sources */ = {isa = PBXBuildFile; fileRef = 295E924D242193ED0052C890 /* AppDelegate.swift */; };
		295E9250242193ED0052C890 /* SceneDelegate.swift in Sources */ = {isa = PBXBuildFile; fileRef = 295E924F242193ED0052C890 /* SceneDelegate.swift */; };
		295E9252242193ED0052C890 /* ContentView.swift in Sources */ = {isa = PBXBuildFile; fileRef = 295E9251242193ED0052C890 /* ContentView.swift */; };
		295E9254242193F10052C890 /* Assets.xcassets in Resources */ = {isa = PBXBuildFile; fileRef = 295E9253242193F10052C890 /* Assets.xcassets */; };
		295E9257242193F10052C890 /* Preview Assets.xcassets in Resources */ = {isa = PBXBuildFile; fileRef = 295E9256242193F10052C890 /* Preview Assets.xcassets */; };
		295E925A242193F10052C890 /* LaunchScreen.storyboard in Resources */ = {isa = PBXBuildFile; fileRef = 295E9258242193F10052C890 /* LaunchScreen.storyboard */; };
		295E92682421A1170052C890 /* HomeViewController.swift in Sources */ = {isa = PBXBuildFile; fileRef = 295E92662421A1170052C890 /* HomeViewController.swift */; };
		295E92692421A1170052C890 /* HomeViewController.xib in Resources */ = {isa = PBXBuildFile; fileRef = 295E92672421A1170052C890 /* HomeViewController.xib */; };
		295E926D2421A64A0052C890 /* InventoryViewController.swift in Sources */ = {isa = PBXBuildFile; fileRef = 295E926B2421A64A0052C890 /* InventoryViewController.swift */; };
		295E926E2421A64A0052C890 /* InventoryViewController.xib in Resources */ = {isa = PBXBuildFile; fileRef = 295E926C2421A64A0052C890 /* InventoryViewController.xib */; };
		295E92702421CBC60052C890 /* Dog.swift in Sources */ = {isa = PBXBuildFile; fileRef = 295E926F2421CBC60052C890 /* Dog.swift */; };
		295E92722421D3E90052C890 /* User.swift in Sources */ = {isa = PBXBuildFile; fileRef = 295E92712421D3E90052C890 /* User.swift */; };
		295E927524220E9A0052C890 /* DogSelectionTableViewCell.swift in Sources */ = {isa = PBXBuildFile; fileRef = 295E927324220E990052C890 /* DogSelectionTableViewCell.swift */; };
		295E927624220E9A0052C890 /* DogSelectionTableViewCell.xib in Resources */ = {isa = PBXBuildFile; fileRef = 295E927424220E990052C890 /* DogSelectionTableViewCell.xib */; };
		295E9279242211790052C890 /* DogSelectionTableViewController.swift in Sources */ = {isa = PBXBuildFile; fileRef = 295E9277242211790052C890 /* DogSelectionTableViewController.swift */; };
		295E927A242211790052C890 /* DogSelectionTableViewController.xib in Resources */ = {isa = PBXBuildFile; fileRef = 295E9278242211790052C890 /* DogSelectionTableViewController.xib */; };
		295E927D2422146F0052C890 /* UIViewControllerExtensions.swift in Sources */ = {isa = PBXBuildFile; fileRef = 295E927C2422146F0052C890 /* UIViewControllerExtensions.swift */; };
		295E927F242232950052C890 /* Item.swift in Sources */ = {isa = PBXBuildFile; fileRef = 295E927E242232950052C890 /* Item.swift */; };
		295E9281242233A50052C890 /* Inventory.swift in Sources */ = {isa = PBXBuildFile; fileRef = 295E9280242233A50052C890 /* Inventory.swift */; };
		295E9284242325CF0052C890 /* InventoryCollectionViewController.swift in Sources */ = {isa = PBXBuildFile; fileRef = 295E9282242325CF0052C890 /* InventoryCollectionViewController.swift */; };
		295E9285242325CF0052C890 /* InventoryCollectionViewController.xib in Resources */ = {isa = PBXBuildFile; fileRef = 295E9283242325CF0052C890 /* InventoryCollectionViewController.xib */; };
		295E9288242328EA0052C890 /* InventoryCollectionViewCell.swift in Sources */ = {isa = PBXBuildFile; fileRef = 295E9286242328EA0052C890 /* InventoryCollectionViewCell.swift */; };
		295E9289242328EA0052C890 /* InventoryCollectionViewCell.xib in Resources */ = {isa = PBXBuildFile; fileRef = 295E9287242328EA0052C890 /* InventoryCollectionViewCell.xib */; };
		295E928C242351750052C890 /* LockedDogTableViewCell.swift in Sources */ = {isa = PBXBuildFile; fileRef = 295E928A242351750052C890 /* LockedDogTableViewCell.swift */; };
		295E928D242351750052C890 /* LockedDogTableViewCell.xib in Resources */ = {isa = PBXBuildFile; fileRef = 295E928B242351750052C890 /* LockedDogTableViewCell.xib */; };
		295E9290242418470052C890 /* DogSelectionViewController.swift in Sources */ = {isa = PBXBuildFile; fileRef = 295E928E242418470052C890 /* DogSelectionViewController.swift */; };
		295E9291242418470052C890 /* DogSelectionViewController.xib in Resources */ = {isa = PBXBuildFile; fileRef = 295E928F242418470052C890 /* DogSelectionViewController.xib */; };
		295E9295242994240052C890 /* PersistenceLayer.swift in Sources */ = {isa = PBXBuildFile; fileRef = 295E9294242994230052C890 /* PersistenceLayer.swift */; };
		295E9297242A299F0052C890 /* PriceItem.swift in Sources */ = {isa = PBXBuildFile; fileRef = 295E9296242A299F0052C890 /* PriceItem.swift */; };
		2962CA92253C73FE00B9068A /* mutt-dig.gif in Resources */ = {isa = PBXBuildFile; fileRef = 2962CA91253C73FD00B9068A /* mutt-dig.gif */; };
		B48B49AE031643EA33BD47A9 /* Pods_DigDigDogs.framework in Frameworks */ = {isa = PBXBuildFile; fileRef = A1D7F078853927C399518AAB /* Pods_DigDigDogs.framework */; };
/* End PBXBuildFile section */

/* Begin PBXFileReference section */
		295E924A242193ED0052C890 /* DigDigDogs.app */ = {isa = PBXFileReference; explicitFileType = wrapper.application; includeInIndex = 0; path = DigDigDogs.app; sourceTree = BUILT_PRODUCTS_DIR; };
		295E924D242193ED0052C890 /* AppDelegate.swift */ = {isa = PBXFileReference; lastKnownFileType = sourcecode.swift; path = AppDelegate.swift; sourceTree = "<group>"; };
		295E924F242193ED0052C890 /* SceneDelegate.swift */ = {isa = PBXFileReference; lastKnownFileType = sourcecode.swift; path = SceneDelegate.swift; sourceTree = "<group>"; };
		295E9251242193ED0052C890 /* ContentView.swift */ = {isa = PBXFileReference; lastKnownFileType = sourcecode.swift; path = ContentView.swift; sourceTree = "<group>"; };
		295E9253242193F10052C890 /* Assets.xcassets */ = {isa = PBXFileReference; lastKnownFileType = folder.assetcatalog; path = Assets.xcassets; sourceTree = "<group>"; };
		295E9256242193F10052C890 /* Preview Assets.xcassets */ = {isa = PBXFileReference; lastKnownFileType = folder.assetcatalog; path = "Preview Assets.xcassets"; sourceTree = "<group>"; };
		295E9259242193F10052C890 /* Base */ = {isa = PBXFileReference; lastKnownFileType = file.storyboard; name = Base; path = Base.lproj/LaunchScreen.storyboard; sourceTree = "<group>"; };
		295E925B242193F10052C890 /* Info.plist */ = {isa = PBXFileReference; lastKnownFileType = text.plist.xml; path = Info.plist; sourceTree = "<group>"; };
		295E92662421A1170052C890 /* HomeViewController.swift */ = {isa = PBXFileReference; lastKnownFileType = sourcecode.swift; path = HomeViewController.swift; sourceTree = "<group>"; };
		295E92672421A1170052C890 /* HomeViewController.xib */ = {isa = PBXFileReference; lastKnownFileType = file.xib; path = HomeViewController.xib; sourceTree = "<group>"; };
		295E926B2421A64A0052C890 /* InventoryViewController.swift */ = {isa = PBXFileReference; lastKnownFileType = sourcecode.swift; path = InventoryViewController.swift; sourceTree = "<group>"; };
		295E926C2421A64A0052C890 /* InventoryViewController.xib */ = {isa = PBXFileReference; lastKnownFileType = file.xib; path = InventoryViewController.xib; sourceTree = "<group>"; };
		295E926F2421CBC60052C890 /* Dog.swift */ = {isa = PBXFileReference; lastKnownFileType = sourcecode.swift; path = Dog.swift; sourceTree = "<group>"; };
		295E92712421D3E90052C890 /* User.swift */ = {isa = PBXFileReference; lastKnownFileType = sourcecode.swift; path = User.swift; sourceTree = "<group>"; };
		295E927324220E990052C890 /* DogSelectionTableViewCell.swift */ = {isa = PBXFileReference; lastKnownFileType = sourcecode.swift; path = DogSelectionTableViewCell.swift; sourceTree = "<group>"; };
		295E927424220E990052C890 /* DogSelectionTableViewCell.xib */ = {isa = PBXFileReference; lastKnownFileType = file.xib; path = DogSelectionTableViewCell.xib; sourceTree = "<group>"; };
		295E9277242211790052C890 /* DogSelectionTableViewController.swift */ = {isa = PBXFileReference; lastKnownFileType = sourcecode.swift; path = DogSelectionTableViewController.swift; sourceTree = "<group>"; };
		295E9278242211790052C890 /* DogSelectionTableViewController.xib */ = {isa = PBXFileReference; lastKnownFileType = file.xib; path = DogSelectionTableViewController.xib; sourceTree = "<group>"; };
		295E927C2422146F0052C890 /* UIViewControllerExtensions.swift */ = {isa = PBXFileReference; lastKnownFileType = sourcecode.swift; path = UIViewControllerExtensions.swift; sourceTree = "<group>"; };
		295E927E242232950052C890 /* Item.swift */ = {isa = PBXFileReference; lastKnownFileType = sourcecode.swift; path = Item.swift; sourceTree = "<group>"; };
		295E9280242233A50052C890 /* Inventory.swift */ = {isa = PBXFileReference; lastKnownFileType = sourcecode.swift; path = Inventory.swift; sourceTree = "<group>"; };
		295E9282242325CF0052C890 /* InventoryCollectionViewController.swift */ = {isa = PBXFileReference; lastKnownFileType = sourcecode.swift; path = InventoryCollectionViewController.swift; sourceTree = "<group>"; };
		295E9283242325CF0052C890 /* InventoryCollectionViewController.xib */ = {isa = PBXFileReference; lastKnownFileType = file.xib; path = InventoryCollectionViewController.xib; sourceTree = "<group>"; };
		295E9286242328EA0052C890 /* InventoryCollectionViewCell.swift */ = {isa = PBXFileReference; lastKnownFileType = sourcecode.swift; path = InventoryCollectionViewCell.swift; sourceTree = "<group>"; };
		295E9287242328EA0052C890 /* InventoryCollectionViewCell.xib */ = {isa = PBXFileReference; lastKnownFileType = file.xib; path = InventoryCollectionViewCell.xib; sourceTree = "<group>"; };
		295E928A242351750052C890 /* LockedDogTableViewCell.swift */ = {isa = PBXFileReference; lastKnownFileType = sourcecode.swift; path = LockedDogTableViewCell.swift; sourceTree = "<group>"; };
		295E928B242351750052C890 /* LockedDogTableViewCell.xib */ = {isa = PBXFileReference; lastKnownFileType = file.xib; path = LockedDogTableViewCell.xib; sourceTree = "<group>"; };
		295E928E242418470052C890 /* DogSelectionViewController.swift */ = {isa = PBXFileReference; lastKnownFileType = sourcecode.swift; path = DogSelectionViewController.swift; sourceTree = "<group>"; };
		295E928F242418470052C890 /* DogSelectionViewController.xib */ = {isa = PBXFileReference; lastKnownFileType = file.xib; path = DogSelectionViewController.xib; sourceTree = "<group>"; };
		295E9294242994230052C890 /* PersistenceLayer.swift */ = {isa = PBXFileReference; lastKnownFileType = sourcecode.swift; path = PersistenceLayer.swift; sourceTree = "<group>"; };
		295E9296242A299F0052C890 /* PriceItem.swift */ = {isa = PBXFileReference; lastKnownFileType = sourcecode.swift; path = PriceItem.swift; sourceTree = "<group>"; };
		2962CA91253C73FD00B9068A /* mutt-dig.gif */ = {isa = PBXFileReference; lastKnownFileType = image.gif; path = "mutt-dig.gif"; sourceTree = "<group>"; };
		2962CA96253E18A200B9068A /* DigDigDogs.entitlements */ = {isa = PBXFileReference; lastKnownFileType = text.plist.entitlements; path = DigDigDogs.entitlements; sourceTree = "<group>"; };
		91FF1DAFE964BF93CC19894E /* Pods-DigDigDogs.release.xcconfig */ = {isa = PBXFileReference; includeInIndex = 1; lastKnownFileType = text.xcconfig; name = "Pods-DigDigDogs.release.xcconfig"; path = "Target Support Files/Pods-DigDigDogs/Pods-DigDigDogs.release.xcconfig"; sourceTree = "<group>"; };
		A1D7F078853927C399518AAB /* Pods_DigDigDogs.framework */ = {isa = PBXFileReference; explicitFileType = wrapper.framework; includeInIndex = 0; path = Pods_DigDigDogs.framework; sourceTree = BUILT_PRODUCTS_DIR; };
		E6B5EC219939F5AAC7BA4EF6 /* Pods-DigDigDogs.debug.xcconfig */ = {isa = PBXFileReference; includeInIndex = 1; lastKnownFileType = text.xcconfig; name = "Pods-DigDigDogs.debug.xcconfig"; path = "Target Support Files/Pods-DigDigDogs/Pods-DigDigDogs.debug.xcconfig"; sourceTree = "<group>"; };
/* End PBXFileReference section */

/* Begin PBXFrameworksBuildPhase section */
		295E9247242193ED0052C890 /* Frameworks */ = {
			isa = PBXFrameworksBuildPhase;
			buildActionMask = 2147483647;
			files = (
				B48B49AE031643EA33BD47A9 /* Pods_DigDigDogs.framework in Frameworks */,
			);
			runOnlyForDeploymentPostprocessing = 0;
		};
/* End PBXFrameworksBuildPhase section */

/* Begin PBXGroup section */
		22654934453B487F664B827E /* Frameworks */ = {
			isa = PBXGroup;
			children = (
				A1D7F078853927C399518AAB /* Pods_DigDigDogs.framework */,
			);
			name = Frameworks;
			sourceTree = "<group>";
		};
		295E9241242193ED0052C890 = {
			isa = PBXGroup;
			children = (
				295E924C242193ED0052C890 /* DigDigDogs */,
				295E924B242193ED0052C890 /* Products */,
				40CC8B0D683796EDAE63F767 /* Pods */,
				22654934453B487F664B827E /* Frameworks */,
			);
			sourceTree = "<group>";
		};
		295E924B242193ED0052C890 /* Products */ = {
			isa = PBXGroup;
			children = (
				295E924A242193ED0052C890 /* DigDigDogs.app */,
			);
			name = Products;
			sourceTree = "<group>";
		};
		295E924C242193ED0052C890 /* DigDigDogs */ = {
			isa = PBXGroup;
			children = (
				2962CA96253E18A200B9068A /* DigDigDogs.entitlements */,
				2962CA90253C73DE00B9068A /* GifAssets */,
				295E927B242214580052C890 /* Controller */,
				295E926A2421A5B00052C890 /* Models */,
				295E92612421948C0052C890 /* Views */,
				295E924D242193ED0052C890 /* AppDelegate.swift */,
				295E924F242193ED0052C890 /* SceneDelegate.swift */,
				295E9251242193ED0052C890 /* ContentView.swift */,
				295E9253242193F10052C890 /* Assets.xcassets */,
				295E9258242193F10052C890 /* LaunchScreen.storyboard */,
				295E925B242193F10052C890 /* Info.plist */,
				295E9255242193F10052C890 /* Preview Content */,
			);
			path = DigDigDogs;
			sourceTree = "<group>";
		};
		295E9255242193F10052C890 /* Preview Content */ = {
			isa = PBXGroup;
			children = (
				295E9256242193F10052C890 /* Preview Assets.xcassets */,
			);
			path = "Preview Content";
			sourceTree = "<group>";
		};
		295E92612421948C0052C890 /* Views */ = {
			isa = PBXGroup;
			children = (
				2962CA94253C799600B9068A /* Home */,
				2962CA95253C79CE00B9068A /* Inventory */,
				2962CA93253C768900B9068A /* Dogs */,
			);
			path = Views;
			sourceTree = "<group>";
		};
		295E926A2421A5B00052C890 /* Models */ = {
			isa = PBXGroup;
			children = (
				295E926F2421CBC60052C890 /* Dog.swift */,
				295E92712421D3E90052C890 /* User.swift */,
				295E927E242232950052C890 /* Item.swift */,
				295E9280242233A50052C890 /* Inventory.swift */,
				295E9294242994230052C890 /* PersistenceLayer.swift */,
				295E9296242A299F0052C890 /* PriceItem.swift */,
			);
			path = Models;
			sourceTree = "<group>";
		};
		295E927B242214580052C890 /* Controller */ = {
			isa = PBXGroup;
			children = (
				295E927C2422146F0052C890 /* UIViewControllerExtensions.swift */,
			);
			path = Controller;
			sourceTree = "<group>";
		};
		2962CA90253C73DE00B9068A /* GifAssets */ = {
			isa = PBXGroup;
			children = (
				2962CA91253C73FD00B9068A /* mutt-dig.gif */,
			);
			path = GifAssets;
			sourceTree = "<group>";
		};
		2962CA93253C768900B9068A /* Dogs */ = {
			isa = PBXGroup;
			children = (
				295E928E242418470052C890 /* DogSelectionViewController.swift */,
				295E928F242418470052C890 /* DogSelectionViewController.xib */,
				295E9277242211790052C890 /* DogSelectionTableViewController.swift */,
				295E9278242211790052C890 /* DogSelectionTableViewController.xib */,
				295E928A242351750052C890 /* LockedDogTableViewCell.swift */,
				295E928B242351750052C890 /* LockedDogTableViewCell.xib */,
				295E927324220E990052C890 /* DogSelectionTableViewCell.swift */,
				295E927424220E990052C890 /* DogSelectionTableViewCell.xib */,
			);
			path = Dogs;
			sourceTree = "<group>";
		};
		2962CA94253C799600B9068A /* Home */ = {
			isa = PBXGroup;
			children = (
				295E92662421A1170052C890 /* HomeViewController.swift */,
				295E92672421A1170052C890 /* HomeViewController.xib */,
			);
			path = Home;
			sourceTree = "<group>";
		};
		2962CA95253C79CE00B9068A /* Inventory */ = {
			isa = PBXGroup;
			children = (
				295E926B2421A64A0052C890 /* InventoryViewController.swift */,
				295E926C2421A64A0052C890 /* InventoryViewController.xib */,
				295E9282242325CF0052C890 /* InventoryCollectionViewController.swift */,
				295E9283242325CF0052C890 /* InventoryCollectionViewController.xib */,
				295E9286242328EA0052C890 /* InventoryCollectionViewCell.swift */,
				295E9287242328EA0052C890 /* InventoryCollectionViewCell.xib */,
			);
			path = Inventory;
			sourceTree = "<group>";
		};
		40CC8B0D683796EDAE63F767 /* Pods */ = {
			isa = PBXGroup;
			children = (
				E6B5EC219939F5AAC7BA4EF6 /* Pods-DigDigDogs.debug.xcconfig */,
				91FF1DAFE964BF93CC19894E /* Pods-DigDigDogs.release.xcconfig */,
			);
			path = Pods;
			sourceTree = "<group>";
		};
/* End PBXGroup section */

/* Begin PBXNativeTarget section */
		295E9249242193ED0052C890 /* DigDigDogs */ = {
			isa = PBXNativeTarget;
			buildConfigurationList = 295E925E242193F10052C890 /* Build configuration list for PBXNativeTarget "DigDigDogs" */;
			buildPhases = (
				BE013F6BF6BE8D2094B52F3B /* [CP] Check Pods Manifest.lock */,
				295E9246242193ED0052C890 /* Sources */,
				295E9247242193ED0052C890 /* Frameworks */,
				295E9248242193ED0052C890 /* Resources */,
				FC487B286C584C8968B29BB3 /* [CP] Embed Pods Frameworks */,
			);
			buildRules = (
			);
			dependencies = (
			);
			name = DigDigDogs;
			productName = DigDigDogs;
			productReference = 295E924A242193ED0052C890 /* DigDigDogs.app */;
			productType = "com.apple.product-type.application";
		};
/* End PBXNativeTarget section */

/* Begin PBXProject section */
		295E9242242193ED0052C890 /* Project object */ = {
			isa = PBXProject;
			attributes = {
				LastSwiftUpdateCheck = 1130;
				LastUpgradeCheck = 1130;
				ORGANIZATIONNAME = "Angelina Olmedo";
				TargetAttributes = {
					295E9249242193ED0052C890 = {
						CreatedOnToolsVersion = 11.3.1;
					};
				};
			};
			buildConfigurationList = 295E9245242193ED0052C890 /* Build configuration list for PBXProject "DigDigDogs" */;
			compatibilityVersion = "Xcode 9.3";
			developmentRegion = en;
			hasScannedForEncodings = 0;
			knownRegions = (
				en,
				Base,
			);
			mainGroup = 295E9241242193ED0052C890;
			productRefGroup = 295E924B242193ED0052C890 /* Products */;
			projectDirPath = "";
			projectRoot = "";
			targets = (
				295E9249242193ED0052C890 /* DigDigDogs */,
			);
		};
/* End PBXProject section */

/* Begin PBXResourcesBuildPhase section */
		295E9248242193ED0052C890 /* Resources */ = {
			isa = PBXResourcesBuildPhase;
			buildActionMask = 2147483647;
			files = (
				295E928D242351750052C890 /* LockedDogTableViewCell.xib in Resources */,
				295E925A242193F10052C890 /* LaunchScreen.storyboard in Resources */,
				295E9257242193F10052C890 /* Preview Assets.xcassets in Resources */,
				295E92692421A1170052C890 /* HomeViewController.xib in Resources */,
				295E9289242328EA0052C890 /* InventoryCollectionViewCell.xib in Resources */,
				295E9291242418470052C890 /* DogSelectionViewController.xib in Resources */,
				295E927624220E9A0052C890 /* DogSelectionTableViewCell.xib in Resources */,
				2962CA92253C73FE00B9068A /* mutt-dig.gif in Resources */,
				295E927A242211790052C890 /* DogSelectionTableViewController.xib in Resources */,
				295E926E2421A64A0052C890 /* InventoryViewController.xib in Resources */,
				295E9254242193F10052C890 /* Assets.xcassets in Resources */,
				295E9285242325CF0052C890 /* InventoryCollectionViewController.xib in Resources */,
			);
			runOnlyForDeploymentPostprocessing = 0;
		};
/* End PBXResourcesBuildPhase section */

/* Begin PBXShellScriptBuildPhase section */
		BE013F6BF6BE8D2094B52F3B /* [CP] Check Pods Manifest.lock */ = {
			isa = PBXShellScriptBuildPhase;
			buildActionMask = 2147483647;
			files = (
			);
			inputFileListPaths = (
			);
			inputPaths = (
				"${PODS_PODFILE_DIR_PATH}/Podfile.lock",
				"${PODS_ROOT}/Manifest.lock",
			);
			name = "[CP] Check Pods Manifest.lock";
			outputFileListPaths = (
			);
			outputPaths = (
				"$(DERIVED_FILE_DIR)/Pods-DigDigDogs-checkManifestLockResult.txt",
			);
			runOnlyForDeploymentPostprocessing = 0;
			shellPath = /bin/sh;
			shellScript = "diff \"${PODS_PODFILE_DIR_PATH}/Podfile.lock\" \"${PODS_ROOT}/Manifest.lock\" > /dev/null\nif [ $? != 0 ] ; then\n    # print error to STDERR\n    echo \"error: The sandbox is not in sync with the Podfile.lock. Run 'pod install' or update your CocoaPods installation.\" >&2\n    exit 1\nfi\n# This output is used by Xcode 'outputs' to avoid re-running this script phase.\necho \"SUCCESS\" > \"${SCRIPT_OUTPUT_FILE_0}\"\n";
			showEnvVarsInLog = 0;
		};
		FC487B286C584C8968B29BB3 /* [CP] Embed Pods Frameworks */ = {
			isa = PBXShellScriptBuildPhase;
			buildActionMask = 2147483647;
			files = (
			);
			inputFileListPaths = (
				"${PODS_ROOT}/Target Support Files/Pods-DigDigDogs/Pods-DigDigDogs-frameworks-${CONFIGURATION}-input-files.xcfilelist",
			);
			name = "[CP] Embed Pods Frameworks";
			outputFileListPaths = (
				"${PODS_ROOT}/Target Support Files/Pods-DigDigDogs/Pods-DigDigDogs-frameworks-${CONFIGURATION}-output-files.xcfilelist",
			);
			runOnlyForDeploymentPostprocessing = 0;
			shellPath = /bin/sh;
			shellScript = "\"${PODS_ROOT}/Target Support Files/Pods-DigDigDogs/Pods-DigDigDogs-frameworks.sh\"\n";
			showEnvVarsInLog = 0;
		};
/* End PBXShellScriptBuildPhase section */

/* Begin PBXSourcesBuildPhase section */
		295E9246242193ED0052C890 /* Sources */ = {
			isa = PBXSourcesBuildPhase;
			buildActionMask = 2147483647;
			files = (
				295E9281242233A50052C890 /* Inventory.swift in Sources */,
				295E928C242351750052C890 /* LockedDogTableViewCell.swift in Sources */,
				295E92682421A1170052C890 /* HomeViewController.swift in Sources */,
				295E924E242193ED0052C890 /* AppDelegate.swift in Sources */,
				295E9290242418470052C890 /* DogSelectionViewController.swift in Sources */,
				295E927D2422146F0052C890 /* UIViewControllerExtensions.swift in Sources */,
				295E92702421CBC60052C890 /* Dog.swift in Sources */,
				295E926D2421A64A0052C890 /* InventoryViewController.swift in Sources */,
				295E9297242A299F0052C890 /* PriceItem.swift in Sources */,
				295E9250242193ED0052C890 /* SceneDelegate.swift in Sources */,
				295E9288242328EA0052C890 /* InventoryCollectionViewCell.swift in Sources */,
				295E9284242325CF0052C890 /* InventoryCollectionViewController.swift in Sources */,
				295E927F242232950052C890 /* Item.swift in Sources */,
				295E927524220E9A0052C890 /* DogSelectionTableViewCell.swift in Sources */,
				295E9279242211790052C890 /* DogSelectionTableViewController.swift in Sources */,
				295E9252242193ED0052C890 /* ContentView.swift in Sources */,
				295E9295242994240052C890 /* PersistenceLayer.swift in Sources */,
				295E92722421D3E90052C890 /* User.swift in Sources */,
			);
			runOnlyForDeploymentPostprocessing = 0;
		};
/* End PBXSourcesBuildPhase section */

/* Begin PBXVariantGroup section */
		295E9258242193F10052C890 /* LaunchScreen.storyboard */ = {
			isa = PBXVariantGroup;
			children = (
				295E9259242193F10052C890 /* Base */,
			);
			name = LaunchScreen.storyboard;
			sourceTree = "<group>";
		};
/* End PBXVariantGroup section */

/* Begin XCBuildConfiguration section */
		295E925C242193F10052C890 /* Debug */ = {
			isa = XCBuildConfiguration;
			buildSettings = {
				ALWAYS_SEARCH_USER_PATHS = NO;
				CLANG_ANALYZER_NONNULL = YES;
				CLANG_ANALYZER_NUMBER_OBJECT_CONVERSION = YES_AGGRESSIVE;
				CLANG_CXX_LANGUAGE_STANDARD = "gnu++14";
				CLANG_CXX_LIBRARY = "libc++";
				CLANG_ENABLE_MODULES = YES;
				CLANG_ENABLE_OBJC_ARC = YES;
				CLANG_ENABLE_OBJC_WEAK = YES;
				CLANG_WARN_BLOCK_CAPTURE_AUTORELEASING = YES;
				CLANG_WARN_BOOL_CONVERSION = YES;
				CLANG_WARN_COMMA = YES;
				CLANG_WARN_CONSTANT_CONVERSION = YES;
				CLANG_WARN_DEPRECATED_OBJC_IMPLEMENTATIONS = YES;
				CLANG_WARN_DIRECT_OBJC_ISA_USAGE = YES_ERROR;
				CLANG_WARN_DOCUMENTATION_COMMENTS = YES;
				CLANG_WARN_EMPTY_BODY = YES;
				CLANG_WARN_ENUM_CONVERSION = YES;
				CLANG_WARN_INFINITE_RECURSION = YES;
				CLANG_WARN_INT_CONVERSION = YES;
				CLANG_WARN_NON_LITERAL_NULL_CONVERSION = YES;
				CLANG_WARN_OBJC_IMPLICIT_RETAIN_SELF = YES;
				CLANG_WARN_OBJC_LITERAL_CONVERSION = YES;
				CLANG_WARN_OBJC_ROOT_CLASS = YES_ERROR;
				CLANG_WARN_RANGE_LOOP_ANALYSIS = YES;
				CLANG_WARN_STRICT_PROTOTYPES = YES;
				CLANG_WARN_SUSPICIOUS_MOVE = YES;
				CLANG_WARN_UNGUARDED_AVAILABILITY = YES_AGGRESSIVE;
				CLANG_WARN_UNREACHABLE_CODE = YES;
				CLANG_WARN__DUPLICATE_METHOD_MATCH = YES;
				COPY_PHASE_STRIP = NO;
				DEBUG_INFORMATION_FORMAT = dwarf;
				ENABLE_STRICT_OBJC_MSGSEND = YES;
				ENABLE_TESTABILITY = YES;
				GCC_C_LANGUAGE_STANDARD = gnu11;
				GCC_DYNAMIC_NO_PIC = NO;
				GCC_NO_COMMON_BLOCKS = YES;
				GCC_OPTIMIZATION_LEVEL = 0;
				GCC_PREPROCESSOR_DEFINITIONS = (
					"DEBUG=1",
					"$(inherited)",
				);
				GCC_WARN_64_TO_32_BIT_CONVERSION = YES;
				GCC_WARN_ABOUT_RETURN_TYPE = YES_ERROR;
				GCC_WARN_UNDECLARED_SELECTOR = YES;
				GCC_WARN_UNINITIALIZED_AUTOS = YES_AGGRESSIVE;
				GCC_WARN_UNUSED_FUNCTION = YES;
				GCC_WARN_UNUSED_VARIABLE = YES;
				IPHONEOS_DEPLOYMENT_TARGET = 13.2;
				MTL_ENABLE_DEBUG_INFO = INCLUDE_SOURCE;
				MTL_FAST_MATH = YES;
				ONLY_ACTIVE_ARCH = YES;
				SDKROOT = iphoneos;
				SWIFT_ACTIVE_COMPILATION_CONDITIONS = DEBUG;
				SWIFT_OPTIMIZATION_LEVEL = "-Onone";
			};
			name = Debug;
		};
		295E925D242193F10052C890 /* Release */ = {
			isa = XCBuildConfiguration;
			buildSettings = {
				ALWAYS_SEARCH_USER_PATHS = NO;
				CLANG_ANALYZER_NONNULL = YES;
				CLANG_ANALYZER_NUMBER_OBJECT_CONVERSION = YES_AGGRESSIVE;
				CLANG_CXX_LANGUAGE_STANDARD = "gnu++14";
				CLANG_CXX_LIBRARY = "libc++";
				CLANG_ENABLE_MODULES = YES;
				CLANG_ENABLE_OBJC_ARC = YES;
				CLANG_ENABLE_OBJC_WEAK = YES;
				CLANG_WARN_BLOCK_CAPTURE_AUTORELEASING = YES;
				CLANG_WARN_BOOL_CONVERSION = YES;
				CLANG_WARN_COMMA = YES;
				CLANG_WARN_CONSTANT_CONVERSION = YES;
				CLANG_WARN_DEPRECATED_OBJC_IMPLEMENTATIONS = YES;
				CLANG_WARN_DIRECT_OBJC_ISA_USAGE = YES_ERROR;
				CLANG_WARN_DOCUMENTATION_COMMENTS = YES;
				CLANG_WARN_EMPTY_BODY = YES;
				CLANG_WARN_ENUM_CONVERSION = YES;
				CLANG_WARN_INFINITE_RECURSION = YES;
				CLANG_WARN_INT_CONVERSION = YES;
				CLANG_WARN_NON_LITERAL_NULL_CONVERSION = YES;
				CLANG_WARN_OBJC_IMPLICIT_RETAIN_SELF = YES;
				CLANG_WARN_OBJC_LITERAL_CONVERSION = YES;
				CLANG_WARN_OBJC_ROOT_CLASS = YES_ERROR;
				CLANG_WARN_RANGE_LOOP_ANALYSIS = YES;
				CLANG_WARN_STRICT_PROTOTYPES = YES;
				CLANG_WARN_SUSPICIOUS_MOVE = YES;
				CLANG_WARN_UNGUARDED_AVAILABILITY = YES_AGGRESSIVE;
				CLANG_WARN_UNREACHABLE_CODE = YES;
				CLANG_WARN__DUPLICATE_METHOD_MATCH = YES;
				COPY_PHASE_STRIP = NO;
				DEBUG_INFORMATION_FORMAT = "dwarf-with-dsym";
				ENABLE_NS_ASSERTIONS = NO;
				ENABLE_STRICT_OBJC_MSGSEND = YES;
				GCC_C_LANGUAGE_STANDARD = gnu11;
				GCC_NO_COMMON_BLOCKS = YES;
				GCC_WARN_64_TO_32_BIT_CONVERSION = YES;
				GCC_WARN_ABOUT_RETURN_TYPE = YES_ERROR;
				GCC_WARN_UNDECLARED_SELECTOR = YES;
				GCC_WARN_UNINITIALIZED_AUTOS = YES_AGGRESSIVE;
				GCC_WARN_UNUSED_FUNCTION = YES;
				GCC_WARN_UNUSED_VARIABLE = YES;
				IPHONEOS_DEPLOYMENT_TARGET = 13.2;
				MTL_ENABLE_DEBUG_INFO = NO;
				MTL_FAST_MATH = YES;
				SDKROOT = iphoneos;
				SWIFT_COMPILATION_MODE = wholemodule;
				SWIFT_OPTIMIZATION_LEVEL = "-O";
				VALIDATE_PRODUCT = YES;
			};
			name = Release;
		};
		295E925F242193F10052C890 /* Debug */ = {
			isa = XCBuildConfiguration;
			baseConfigurationReference = E6B5EC219939F5AAC7BA4EF6 /* Pods-DigDigDogs.debug.xcconfig */;
			buildSettings = {
				ASSETCATALOG_COMPILER_APPICON_NAME = AppIcon;
				CODE_SIGN_ENTITLEMENTS = DigDigDogs/DigDigDogs.entitlements;
				CODE_SIGN_STYLE = Automatic;
				DEVELOPMENT_ASSET_PATHS = "\"DigDigDogs/Preview Content\"";
				DEVELOPMENT_TEAM = U774TM88M6;
				ENABLE_PREVIEWS = YES;
				INFOPLIST_FILE = DigDigDogs/Info.plist;
				LD_RUNPATH_SEARCH_PATHS = (
					"$(inherited)",
					"@executable_path/Frameworks",
				);
				PRODUCT_BUNDLE_IDENTIFIER = com.makeschool.DigDigDogs;
				PRODUCT_NAME = "$(TARGET_NAME)";
				SWIFT_VERSION = 5.0;
				TARGETED_DEVICE_FAMILY = "1,2";
			};
			name = Debug;
		};
		295E9260242193F10052C890 /* Release */ = {
			isa = XCBuildConfiguration;
			baseConfigurationReference = 91FF1DAFE964BF93CC19894E /* Pods-DigDigDogs.release.xcconfig */;
			buildSettings = {
				ASSETCATALOG_COMPILER_APPICON_NAME = AppIcon;
				CODE_SIGN_ENTITLEMENTS = DigDigDogs/DigDigDogs.entitlements;
				CODE_SIGN_STYLE = Automatic;
				DEVELOPMENT_ASSET_PATHS = "\"DigDigDogs/Preview Content\"";
				DEVELOPMENT_TEAM = U774TM88M6;
				ENABLE_PREVIEWS = YES;
				INFOPLIST_FILE = DigDigDogs/Info.plist;
				LD_RUNPATH_SEARCH_PATHS = (
					"$(inherited)",
					"@executable_path/Frameworks",
				);
				PRODUCT_BUNDLE_IDENTIFIER = com.makeschool.DigDigDogs;
				PRODUCT_NAME = "$(TARGET_NAME)";
				SWIFT_VERSION = 5.0;
				TARGETED_DEVICE_FAMILY = "1,2";
			};
			name = Release;
		};
/* End XCBuildConfiguration section */

/* Begin XCConfigurationList section */
		295E9245242193ED0052C890 /* Build configuration list for PBXProject "DigDigDogs" */ = {
			isa = XCConfigurationList;
			buildConfigurations = (
				295E925C242193F10052C890 /* Debug */,
				295E925D242193F10052C890 /* Release */,
			);
			defaultConfigurationIsVisible = 0;
			defaultConfigurationName = Release;
		};
		295E925E242193F10052C890 /* Build configuration list for PBXNativeTarget "DigDigDogs" */ = {
			isa = XCConfigurationList;
			buildConfigurations = (
				295E925F242193F10052C890 /* Debug */,
				295E9260242193F10052C890 /* Release */,
			);
			defaultConfigurationIsVisible = 0;
			defaultConfigurationName = Release;
		};
/* End XCConfigurationList section */
	};
	rootObject = 295E9242242193ED0052C890 /* Project object */;
}
